
Microsoft Visual Studio Solution File, Format Version 12.00
# Visual Studio 15
VisualStudioVersion = 15.0.26730.8
MinimumVisualStudioVersion = 10.0.40219.1
Project("{9A19103F-16F7-4668-BE54-9A1E7A4F7556}") = "Core2Angular5", "Core2Angular5\Core2Angular5.csproj", "{82BE3F67-0551-460E-8CCA-C5B8ADDB3974}"
EndProject
Global
	GlobalSection(SolutionConfigurationPlatforms) = preSolution
		Debug|Any CPU = Debug|Any CPU
		Release|Any CPU = Release|Any CPU
	EndGlobalSection
	GlobalSection(ProjectConfigurationPlatforms) = postSolution
		{82BE3F67-0551-460E-8CCA-C5B8ADDB3974}.Debug|Any CPU.ActiveCfg = Debug|Any CPU
		{82BE3F67-0551-460E-8CCA-C5B8ADDB3974}.Debug|Any CPU.Build.0 = Debug|Any CPU
		{82BE3F67-0551-460E-8CCA-C5B8ADDB3974}.Release|Any CPU.ActiveCfg = Release|Any CPU
		{82BE3F67-0551-460E-8CCA-C5B8ADDB3974}.Release|Any CPU.Build.0 = Release|Any CPU
	EndGlobalSection
	GlobalSection(SolutionProperties) = preSolution
		HideSolutionNode = FALSE
	EndGlobalSection
	GlobalSection(ExtensibilityGlobals) = postSolution
		SolutionGuid = {21143A6C-C31E-4A4D-8E85-FEEDB4D58F5D}
	EndGlobalSection
EndGlobal
